
Microsoft Visual Studio Solution File, Format Version 12.00
# Visual Studio Version 16
VisualStudioVersion = 16.0.31205.134
MinimumVisualStudioVersion = 10.0.40219.1
Project("{FAE04EC0-301F-11D3-BF4B-00C04F79EFBC}") = "Login_InfoToolsSV", "Login_InfoToolsSV.csproj", "{9061FE75-26E1-4C0B-AFF7-3C015D8EDF44}"
EndProject
Global
	GlobalSection(SolutionConfigurationPlatforms) = preSolution
		Debug|Any CPU = Debug|Any CPU
		Release|Any CPU = Release|Any CPU
	EndGlobalSection
	GlobalSection(ProjectConfigurationPlatforms) = postSolution
		{9061FE75-26E1-4C0B-AFF7-3C015D8EDF44}.Debug|Any CPU.ActiveCfg = Debug|Any CPU
		{9061FE75-26E1-4C0B-AFF7-3C015D8EDF44}.Debug|Any CPU.Build.0 = Debug|Any CPU
		{9061FE75-26E1-4C0B-AFF7-3C015D8EDF44}.Release|Any CPU.ActiveCfg = Release|Any CPU
		{9061FE75-26E1-4C0B-AFF7-3C015D8EDF44}.Release|Any CPU.Build.0 = Release|Any CPU
	EndGlobalSection
	GlobalSection(SolutionProperties) = preSolution
		HideSolutionNode = FALSE
	EndGlobalSection
	GlobalSection(ExtensibilityGlobals) = postSolution
		SolutionGuid = {1B32246C-EAE5-435D-AF8C-722AE4D0AFEC}
	EndGlobalSection
EndGlobal
